
Microsoft Visual Studio Solution File, Format Version 12.00
# Visual Studio Version 17
VisualStudioVersion = 17.8.34330.188
MinimumVisualStudioVersion = 10.0.40219.1
Project("{FAE04EC0-301F-11D3-BF4B-00C04F79EFBC}") = "Projekat", "Projekat\Projekat.csproj", "{4BF659B6-2823-4395-B034-8374CA5BD43A}"
EndProject
Global
	GlobalSection(SolutionConfigurationPlatforms) = preSolution
		Debug|Any CPU = Debug|Any CPU
		Release|Any CPU = Release|Any CPU
	EndGlobalSection
	GlobalSection(ProjectConfigurationPlatforms) = postSolution
		{4BF659B6-2823-4395-B034-8374CA5BD43A}.Debug|Any CPU.ActiveCfg = Debug|Any CPU
		{4BF659B6-2823-4395-B034-8374CA5BD43A}.Debug|Any CPU.Build.0 = Debug|Any CPU
		{4BF659B6-2823-4395-B034-8374CA5BD43A}.Release|Any CPU.ActiveCfg = Release|Any CPU
		{4BF659B6-2823-4395-B034-8374CA5BD43A}.Release|Any CPU.Build.0 = Release|Any CPU
	EndGlobalSection
	GlobalSection(SolutionProperties) = preSolution
		HideSolutionNode = FALSE
	EndGlobalSection
	GlobalSection(ExtensibilityGlobals) = postSolution
		SolutionGuid = {ABB0918D-CB32-4F8E-90CA-FBC7714EDC8C}
	EndGlobalSection
EndGlobal
